// !$*UTF8*$!
{
	archiveVersion = 1;
	classes = {
	};
	objectVersion = 46;
	objects = {

/* Begin PBXBuildFile section */
		57C92EB21CD6AF6500A84C2E /* AppDelegate.swift in Sources */ = {isa = PBXBuildFile; fileRef = 57C92EB11CD6AF6500A84C2E /* AppDelegate.swift */; };
		57C92EB41CD6AF6500A84C2E /* ViewController.swift in Sources */ = {isa = PBXBuildFile; fileRef = 57C92EB31CD6AF6500A84C2E /* ViewController.swift */; };
		57C92EB71CD6AF6500A84C2E /* Main.storyboard in Resources */ = {isa = PBXBuildFile; fileRef = 57C92EB51CD6AF6500A84C2E /* Main.storyboard */; };
		57C92EB91CD6AF6500A84C2E /* Assets.xcassets in Resources */ = {isa = PBXBuildFile; fileRef = 57C92EB81CD6AF6500A84C2E /* Assets.xcassets */; };
		57C92EBC1CD6AF6500A84C2E /* LaunchScreen.storyboard in Resources */ = {isa = PBXBuildFile; fileRef = 57C92EBA1CD6AF6500A84C2E /* LaunchScreen.storyboard */; };
		57C92EC71CD6AF6500A84C2E /* SuperCoolTests.swift in Sources */ = {isa = PBXBuildFile; fileRef = 57C92EC61CD6AF6500A84C2E /* SuperCoolTests.swift */; };
		57C92ED21CD6AF6600A84C2E /* SuperCoolUITests.swift in Sources */ = {isa = PBXBuildFile; fileRef = 57C92ED11CD6AF6600A84C2E /* SuperCoolUITests.swift */; };
/* End PBXBuildFile section */

/* Begin PBXContainerItemProxy section */
		57C92EC31CD6AF6500A84C2E /* PBXContainerItemProxy */ = {
			isa = PBXContainerItemProxy;
			containerPortal = 57C92EA61CD6AF6500A84C2E /* Project object */;
			proxyType = 1;
			remoteGlobalIDString = 57C92EAD1CD6AF6500A84C2E;
			remoteInfo = SuperCool;
		};
		57C92ECE1CD6AF6500A84C2E /* PBXContainerItemProxy */ = {
			isa = PBXContainerItemProxy;
			containerPortal = 57C92EA61CD6AF6500A84C2E /* Project object */;
			proxyType = 1;
			remoteGlobalIDString = 57C92EAD1CD6AF6500A84C2E;
			remoteInfo = SuperCool;
		};
/* End PBXContainerItemProxy section */

/* Begin PBXFileReference section */
		57C92EAE1CD6AF6500A84C2E /* SuperCool.app */ = {isa = PBXFileReference; explicitFileType = wrapper.application; includeInIndex = 0; path = SuperCool.app; sourceTree = BUILT_PRODUCTS_DIR; };
		57C92EB11CD6AF6500A84C2E /* AppDelegate.swift */ = {isa = PBXFileReference; lastKnownFileType = sourcecode.swift; path = AppDelegate.swift; sourceTree = "<group>"; };
		57C92EB31CD6AF6500A84C2E /* ViewController.swift */ = {isa = PBXFileReference; lastKnownFileType = sourcecode.swift; path = ViewController.swift; sourceTree = "<group>"; };
		57C92EB61CD6AF6500A84C2E /* Base */ = {isa = PBXFileReference; lastKnownFileType = file.storyboard; name = Base; path = Base.lproj/Main.storyboard; sourceTree = "<group>"; };
		57C92EB81CD6AF6500A84C2E /* Assets.xcassets */ = {isa = PBXFileReference; lastKnownFileType = folder.assetcatalog; path = Assets.xcassets; sourceTree = "<group>"; };
		57C92EBB1CD6AF6500A84C2E /* Base */ = {isa = PBXFileReference; lastKnownFileType = file.storyboard; name = Base; path = Base.lproj/LaunchScreen.storyboard; sourceTree = "<group>"; };
		57C92EBD1CD6AF6500A84C2E /* Info.plist */ = {isa = PBXFileReference; lastKnownFileType = text.plist.xml; path = Info.plist; sourceTree = "<group>"; };
		57C92EC21CD6AF6500A84C2E /* SuperCoolTests.xctest */ = {isa = PBXFileReference; explicitFileType = wrapper.cfbundle; includeInIndex = 0; path = SuperCoolTests.xctest; sourceTree = BUILT_PRODUCTS_DIR; };
		57C92EC61CD6AF6500A84C2E /* SuperCoolTests.swift */ = {isa = PBXFileReference; lastKnownFileType = sourcecode.swift; path = SuperCoolTests.swift; sourceTree = "<group>"; };
		57C92EC81CD6AF6500A84C2E /* Info.plist */ = {isa = PBXFileReference; lastKnownFileType = text.plist.xml; path = Info.plist; sourceTree = "<group>"; };
		57C92ECD1CD6AF6500A84C2E /* SuperCoolUITests.xctest */ = {isa = PBXFileReference; explicitFileType = wrapper.cfbundle; includeInIndex = 0; path = SuperCoolUITests.xctest; sourceTree = BUILT_PRODUCTS_DIR; };
		57C92ED11CD6AF6600A84C2E /* SuperCoolUITests.swift */ = {isa = PBXFileReference; lastKnownFileType = sourcecode.swift; path = SuperCoolUITests.swift; sourceTree = "<group>"; };
		57C92ED31CD6AF6600A84C2E /* Info.plist */ = {isa = PBXFileReference; lastKnownFileType = text.plist.xml; path = Info.plist; sourceTree = "<group>"; };
/* End PBXFileReference section */

/* Begin PBXFrameworksBuildPhase section */
		57C92EAB1CD6AF6500A84C2E /* Frameworks */ = {
			isa = PBXFrameworksBuildPhase;
			buildActionMask = 2147483647;
			files = (
			);
			runOnlyForDeploymentPostprocessing = 0;
		};
		57C92EBF1CD6AF6500A84C2E /* Frameworks */ = {
			isa = PBXFrameworksBuildPhase;
			buildActionMask = 2147483647;
			files = (
			);
			runOnlyForDeploymentPostprocessing = 0;
		};
		57C92ECA1CD6AF6500A84C2E /* Frameworks */ = {
			isa = PBXFrameworksBuildPhase;
			buildActionMask = 2147483647;
			files = (
			);
			runOnlyForDeploymentPostprocessing = 0;
		};
/* End PBXFrameworksBuildPhase section */

/* Begin PBXGroup section */
		57C92EA51CD6AF6500A84C2E = {
			isa = PBXGroup;
			children = (
				57C92EB01CD6AF6500A84C2E /* SuperCool */,
				57C92EC51CD6AF6500A84C2E /* SuperCoolTests */,
				57C92ED01CD6AF6600A84C2E /* SuperCoolUITests */,
				57C92EAF1CD6AF6500A84C2E /* Products */,
			);
			sourceTree = "<group>";
		};
		57C92EAF1CD6AF6500A84C2E /* Products */ = {
			isa = PBXGroup;
			children = (
				57C92EAE1CD6AF6500A84C2E /* SuperCool.app */,
				57C92EC21CD6AF6500A84C2E /* SuperCoolTests.xctest */,
				57C92ECD1CD6AF6500A84C2E /* SuperCoolUITests.xctest */,
			);
			name = Products;
			sourceTree = "<group>";
		};
		57C92EB01CD6AF6500A84C2E /* SuperCool */ = {
			isa = PBXGroup;
			children = (
				57C92EB11CD6AF6500A84C2E /* AppDelegate.swift */,
				57C92EB31CD6AF6500A84C2E /* ViewController.swift */,
				57C92EB51CD6AF6500A84C2E /* Main.storyboard */,
				57C92EB81CD6AF6500A84C2E /* Assets.xcassets */,
				57C92EBA1CD6AF6500A84C2E /* LaunchScreen.storyboard */,
				57C92EBD1CD6AF6500A84C2E /* Info.plist */,
			);
			path = SuperCool;
			sourceTree = "<group>";
		};
		57C92EC51CD6AF6500A84C2E /* SuperCoolTests */ = {
			isa = PBXGroup;
			children = (
				57C92EC61CD6AF6500A84C2E /* SuperCoolTests.swift */,
				57C92EC81CD6AF6500A84C2E /* Info.plist */,
			);
			path = SuperCoolTests;
			sourceTree = "<group>";
		};
		57C92ED01CD6AF6600A84C2E /* SuperCoolUITests */ = {
			isa = PBXGroup;
			children = (
				57C92ED11CD6AF6600A84C2E /* SuperCoolUITests.swift */,
				57C92ED31CD6AF6600A84C2E /* Info.plist */,
			);
			path = SuperCoolUITests;
			sourceTree = "<group>";
		};
/* End PBXGroup section */

/* Begin PBXNativeTarget section */
		57C92EAD1CD6AF6500A84C2E /* SuperCool */ = {
			isa = PBXNativeTarget;
			buildConfigurationList = 57C92ED61CD6AF6600A84C2E /* Build configuration list for PBXNativeTarget "SuperCool" */;
			buildPhases = (
				57C92EAA1CD6AF6500A84C2E /* Sources */,
				57C92EAB1CD6AF6500A84C2E /* Frameworks */,
				57C92EAC1CD6AF6500A84C2E /* Resources */,
			);
			buildRules = (
			);
			dependencies = (
			);
			name = SuperCool;
			productName = SuperCool;
			productReference = 57C92EAE1CD6AF6500A84C2E /* SuperCool.app */;
			productType = "com.apple.product-type.application";
		};
		57C92EC11CD6AF6500A84C2E /* SuperCoolTests */ = {
			isa = PBXNativeTarget;
			buildConfigurationList = 57C92ED91CD6AF6600A84C2E /* Build configuration list for PBXNativeTarget "SuperCoolTests" */;
			buildPhases = (
				57C92EBE1CD6AF6500A84C2E /* Sources */,
				57C92EBF1CD6AF6500A84C2E /* Frameworks */,
				57C92EC01CD6AF6500A84C2E /* Resources */,
			);
			buildRules = (
			);
			dependencies = (
				57C92EC41CD6AF6500A84C2E /* PBXTargetDependency */,
			);
			name = SuperCoolTests;
			productName = SuperCoolTests;
			productReference = 57C92EC21CD6AF6500A84C2E /* SuperCoolTests.xctest */;
			productType = "com.apple.product-type.bundle.unit-test";
		};
		57C92ECC1CD6AF6500A84C2E /* SuperCoolUITests */ = {
			isa = PBXNativeTarget;
			buildConfigurationList = 57C92EDC1CD6AF6600A84C2E /* Build configuration list for PBXNativeTarget "SuperCoolUITests" */;
			buildPhases = (
				57C92EC91CD6AF6500A84C2E /* Sources */,
				57C92ECA1CD6AF6500A84C2E /* Frameworks */,
				57C92ECB1CD6AF6500A84C2E /* Resources */,
			);
			buildRules = (
			);
			dependencies = (
				57C92ECF1CD6AF6500A84C2E /* PBXTargetDependency */,
			);
			name = SuperCoolUITests;
			productName = SuperCoolUITests;
			productReference = 57C92ECD1CD6AF6500A84C2E /* SuperCoolUITests.xctest */;
			productType = "com.apple.product-type.bundle.ui-testing";
		};
/* End PBXNativeTarget section */

/* Begin PBXProject section */
		57C92EA61CD6AF6500A84C2E /* Project object */ = {
			isa = PBXProject;
			attributes = {
				LastSwiftUpdateCheck = 0730;
				LastUpgradeCheck = 0730;
				ORGANIZATIONNAME = RiverSage;
				TargetAttributes = {
					57C92EAD1CD6AF6500A84C2E = {
						CreatedOnToolsVersion = 7.3;
					};
					57C92EC11CD6AF6500A84C2E = {
						CreatedOnToolsVersion = 7.3;
						TestTargetID = 57C92EAD1CD6AF6500A84C2E;
					};
					57C92ECC1CD6AF6500A84C2E = {
						CreatedOnToolsVersion = 7.3;
						TestTargetID = 57C92EAD1CD6AF6500A84C2E;
					};
				};
			};
			buildConfigurationList = 57C92EA91CD6AF6500A84C2E /* Build configuration list for PBXProject "SuperCool" */;
			compatibilityVersion = "Xcode 3.2";
			developmentRegion = English;
			hasScannedForEncodings = 0;
			knownRegions = (
				en,
				Base,
			);
			mainGroup = 57C92EA51CD6AF6500A84C2E;
			productRefGroup = 57C92EAF1CD6AF6500A84C2E /* Products */;
			projectDirPath = "";
			projectRoot = "";
			targets = (
				57C92EAD1CD6AF6500A84C2E /* SuperCool */,
				57C92EC11CD6AF6500A84C2E /* SuperCoolTests */,
				57C92ECC1CD6AF6500A84C2E /* SuperCoolUITests */,
			);
		};
/* End PBXProject section */

/* Begin PBXResourcesBuildPhase section */
		57C92EAC1CD6AF6500A84C2E /* Resources */ = {
			isa = PBXResourcesBuildPhase;
			buildActionMask = 2147483647;
			files = (
				57C92EBC1CD6AF6500A84C2E /* LaunchScreen.storyboard in Resources */,
				57C92EB91CD6AF6500A84C2E /* Assets.xcassets in Resources */,
				57C92EB71CD6AF6500A84C2E /* Main.storyboard in Resources */,
			);
			runOnlyForDeploymentPostprocessing = 0;
		};
		57C92EC01CD6AF6500A84C2E /* Resources */ = {
			isa = PBXResourcesBuildPhase;
			buildActionMask = 2147483647;
			files = (
			);
			runOnlyForDeploymentPostprocessing = 0;
		};
		57C92ECB1CD6AF6500A84C2E /* Resources */ = {
			isa = PBXResourcesBuildPhase;
			buildActionMask = 2147483647;
			files = (
			);
			runOnlyForDeploymentPostprocessing = 0;
		};
/* End PBXResourcesBuildPhase section */

/* Begin PBXSourcesBuildPhase section */
		57C92EAA1CD6AF6500A84C2E /* Sources */ = {
			isa = PBXSourcesBuildPhase;
			buildActionMask = 2147483647;
			files = (
				57C92EB41CD6AF6500A84C2E /* ViewController.swift in Sources */,
				57C92EB21CD6AF6500A84C2E /* AppDelegate.swift in Sources */,
			);
			runOnlyForDeploymentPostprocessing = 0;
		};
		57C92EBE1CD6AF6500A84C2E /* Sources */ = {
			isa = PBXSourcesBuildPhase;
			buildActionMask = 2147483647;
			files = (
				57C92EC71CD6AF6500A84C2E /* SuperCoolTests.swift in Sources */,
			);
			runOnlyForDeploymentPostprocessing = 0;
		};
		57C92EC91CD6AF6500A84C2E /* Sources */ = {
			isa = PBXSourcesBuildPhase;
			buildActionMask = 2147483647;
			files = (
				57C92ED21CD6AF6600A84C2E /* SuperCoolUITests.swift in Sources */,
			);
			runOnlyForDeploymentPostprocessing = 0;
		};
/* End PBXSourcesBuildPhase section */

/* Begin PBXTargetDependency section */
		57C92EC41CD6AF6500A84C2E /* PBXTargetDependency */ = {
			isa = PBXTargetDependency;
			target = 57C92EAD1CD6AF6500A84C2E /* SuperCool */;
			targetProxy = 57C92EC31CD6AF6500A84C2E /* PBXContainerItemProxy */;
		};
		57C92ECF1CD6AF6500A84C2E /* PBXTargetDependency */ = {
			isa = PBXTargetDependency;
			target = 57C92EAD1CD6AF6500A84C2E /* SuperCool */;
			targetProxy = 57C92ECE1CD6AF6500A84C2E /* PBXContainerItemProxy */;
		};
/* End PBXTargetDependency section */

/* Begin PBXVariantGroup section */
		57C92EB51CD6AF6500A84C2E /* Main.storyboard */ = {
			isa = PBXVariantGroup;
			children = (
				57C92EB61CD6AF6500A84C2E /* Base */,
			);
			name = Main.storyboard;
			sourceTree = "<group>";
		};
		57C92EBA1CD6AF6500A84C2E /* LaunchScreen.storyboard */ = {
			isa = PBXVariantGroup;
			children = (
				57C92EBB1CD6AF6500A84C2E /* Base */,
			);
			name = LaunchScreen.storyboard;
			sourceTree = "<group>";
		};
/* End PBXVariantGroup section */

/* Begin XCBuildConfiguration section */
		57C92ED41CD6AF6600A84C2E /* Debug */ = {
			isa = XCBuildConfiguration;
			buildSettings = {
				ALWAYS_SEARCH_USER_PATHS = NO;
				CLANG_ANALYZER_NONNULL = YES;
				CLANG_CXX_LANGUAGE_STANDARD = "gnu++0x";
				CLANG_CXX_LIBRARY = "libc++";
				CLANG_ENABLE_MODULES = YES;
				CLANG_ENABLE_OBJC_ARC = YES;
				CLANG_WARN_BOOL_CONVERSION = YES;
				CLANG_WARN_CONSTANT_CONVERSION = YES;
				CLANG_WARN_DIRECT_OBJC_ISA_USAGE = YES_ERROR;
				CLANG_WARN_EMPTY_BODY = YES;
				CLANG_WARN_ENUM_CONVERSION = YES;
				CLANG_WARN_INT_CONVERSION = YES;
				CLANG_WARN_OBJC_ROOT_CLASS = YES_ERROR;
				CLANG_WARN_UNREACHABLE_CODE = YES;
				CLANG_WARN__DUPLICATE_METHOD_MATCH = YES;
				"CODE_SIGN_IDENTITY[sdk=iphoneos*]" = "iPhone Developer";
				COPY_PHASE_STRIP = NO;
				DEBUG_INFORMATION_FORMAT = dwarf;
				ENABLE_STRICT_OBJC_MSGSEND = YES;
				ENABLE_TESTABILITY = YES;
				GCC_C_LANGUAGE_STANDARD = gnu99;
				GCC_DYNAMIC_NO_PIC = NO;
				GCC_NO_COMMON_BLOCKS = YES;
				GCC_OPTIMIZATION_LEVEL = 0;
				GCC_PREPROCESSOR_DEFINITIONS = (
					"DEBUG=1",
					"$(inherited)",
				);
				GCC_WARN_64_TO_32_BIT_CONVERSION = YES;
				GCC_WARN_ABOUT_RETURN_TYPE = YES_ERROR;
				GCC_WARN_UNDECLARED_SELECTOR = YES;
				GCC_WARN_UNINITIALIZED_AUTOS = YES_AGGRESSIVE;
				GCC_WARN_UNUSED_FUNCTION = YES;
				GCC_WARN_UNUSED_VARIABLE = YES;
				IPHONEOS_DEPLOYMENT_TARGET = 9.3;
				MTL_ENABLE_DEBUG_INFO = YES;
				ONLY_ACTIVE_ARCH = YES;
				SDKROOT = iphoneos;
				SWIFT_OPTIMIZATION_LEVEL = "-Onone";
			};
			name = Debug;
		};
		57C92ED51CD6AF6600A84C2E /* Release */ = {
			isa = XCBuildConfiguration;
			buildSettings = {
				ALWAYS_SEARCH_USER_PATHS = NO;
				CLANG_ANALYZER_NONNULL = YES;
				CLANG_CXX_LANGUAGE_STANDARD = "gnu++0x";
				CLANG_CXX_LIBRARY = "libc++";
				CLANG_ENABLE_MODULES = YES;
				CLANG_ENABLE_OBJC_ARC = YES;
				CLANG_WARN_BOOL_CONVERSION = YES;
				CLANG_WARN_CONSTANT_CONVERSION = YES;
				CLANG_WARN_DIRECT_OBJC_ISA_USAGE = YES_ERROR;
				CLANG_WARN_EMPTY_BODY = YES;
				CLANG_WARN_ENUM_CONVERSION = YES;
				CLANG_WARN_INT_CONVERSION = YES;
				CLANG_WARN_OBJC_ROOT_CLASS = YES_ERROR;
				CLANG_WARN_UNREACHABLE_CODE = YES;
				CLANG_WARN__DUPLICATE_METHOD_MATCH = YES;
				"CODE_SIGN_IDENTITY[sdk=iphoneos*]" = "iPhone Developer";
				COPY_PHASE_STRIP = NO;
				DEBUG_INFORMATION_FORMAT = "dwarf-with-dsym";
				ENABLE_NS_ASSERTIONS = NO;
				ENABLE_STRICT_OBJC_MSGSEND = YES;
				GCC_C_LANGUAGE_STANDARD = gnu99;
				GCC_NO_COMMON_BLOCKS = YES;
				GCC_WARN_64_TO_32_BIT_CONVERSION = YES;
				GCC_WARN_ABOUT_RETURN_TYPE = YES_ERROR;
				GCC_WARN_UNDECLARED_SELECTOR = YES;
				GCC_WARN_UNINITIALIZED_AUTOS = YES_AGGRESSIVE;
				GCC_WARN_UNUSED_FUNCTION = YES;
				GCC_WARN_UNUSED_VARIABLE = YES;
				IPHONEOS_DEPLOYMENT_TARGET = 9.3;
				MTL_ENABLE_DEBUG_INFO = NO;
				SDKROOT = iphoneos;
				VALIDATE_PRODUCT = YES;
			};
			name = Release;
		};
		57C92ED71CD6AF6600A84C2E /* Debug */ = {
			isa = XCBuildConfiguration;
			buildSettings = {
				ASSETCATALOG_COMPILER_APPICON_NAME = AppIcon;
				INFOPLIST_FILE = SuperCool/Info.plist;
				LD_RUNPATH_SEARCH_PATHS = "$(inherited) @executable_path/Frameworks";
				PRODUCT_BUNDLE_IDENTIFIER = com.RiverSage.SuperCool;
				PRODUCT_NAME = "$(TARGET_NAME)";
			};
			name = Debug;
		};
		57C92ED81CD6AF6600A84C2E /* Release */ = {
			isa = XCBuildConfiguration;
			buildSettings = {
				ASSETCATALOG_COMPILER_APPICON_NAME = AppIcon;
				INFOPLIST_FILE = SuperCool/Info.plist;
				LD_RUNPATH_SEARCH_PATHS = "$(inherited) @executable_path/Frameworks";
				PRODUCT_BUNDLE_IDENTIFIER = com.RiverSage.SuperCool;
				PRODUCT_NAME = "$(TARGET_NAME)";
			};
			name = Release;
		};
		57C92EDA1CD6AF6600A84C2E /* Debug */ = {
			isa = XCBuildConfiguration;
			buildSettings = {
				BUNDLE_LOADER = "$(TEST_HOST)";
				INFOPLIST_FILE = SuperCoolTests/Info.plist;
				LD_RUNPATH_SEARCH_PATHS = "$(inherited) @executable_path/Frameworks @loader_path/Frameworks";
				PRODUCT_BUNDLE_IDENTIFIER = com.RiverSage.SuperCoolTests;
				PRODUCT_NAME = "$(TARGET_NAME)";
				TEST_HOST = "$(BUILT_PRODUCTS_DIR)/SuperCool.app/SuperCool";
			};
			name = Debug;
		};
		57C92EDB1CD6AF6600A84C2E /* Release */ = {
			isa = XCBuildConfiguration;
			buildSettings = {
				BUNDLE_LOADER = "$(TEST_HOST)";
				INFOPLIST_FILE = SuperCoolTests/Info.plist;
				LD_RUNPATH_SEARCH_PATHS = "$(inherited) @executable_path/Frameworks @loader_path/Frameworks";
				PRODUCT_BUNDLE_IDENTIFIER = com.RiverSage.SuperCoolTests;
				PRODUCT_NAME = "$(TARGET_NAME)";
				TEST_HOST = "$(BUILT_PRODUCTS_DIR)/SuperCool.app/SuperCool";
			};
			name = Release;
		};
		57C92EDD1CD6AF6600A84C2E /* Debug */ = {
			isa = XCBuildConfiguration;
			buildSettings = {
				INFOPLIST_FILE = SuperCoolUITests/Info.plist;
				LD_RUNPATH_SEARCH_PATHS = "$(inherited) @executable_path/Frameworks @loader_path/Frameworks";
				PRODUCT_BUNDLE_IDENTIFIER = com.RiverSage.SuperCoolUITests;
				PRODUCT_NAME = "$(TARGET_NAME)";
				TEST_TARGET_NAME = SuperCool;
			};
			name = Debug;
		};
		57C92EDE1CD6AF6600A84C2E /* Release */ = {
			isa = XCBuildConfiguration;
			buildSettings = {
				INFOPLIST_FILE = SuperCoolUITests/Info.plist;
				LD_RUNPATH_SEARCH_PATHS = "$(inherited) @executable_path/Frameworks @loader_path/Frameworks";
				PRODUCT_BUNDLE_IDENTIFIER = com.RiverSage.SuperCoolUITests;
				PRODUCT_NAME = "$(TARGET_NAME)";
				TEST_TARGET_NAME = SuperCool;
			};
			name = Release;
		};
/* End XCBuildConfiguration section */

/* Begin XCConfigurationList section */
		57C92EA91CD6AF6500A84C2E /* Build configuration list for PBXProject "SuperCool" */ = {
			isa = XCConfigurationList;
			buildConfigurations = (
				57C92ED41CD6AF6600A84C2E /* Debug */,
				57C92ED51CD6AF6600A84C2E /* Release */,
			);
			defaultConfigurationIsVisible = 0;
			defaultConfigurationName = Release;
		};
		57C92ED61CD6AF6600A84C2E /* Build configuration list for PBXNativeTarget "SuperCool" */ = {
			isa = XCConfigurationList;
			buildConfigurations = (
				57C92ED71CD6AF6600A84C2E /* Debug */,
				57C92ED81CD6AF6600A84C2E /* Release */,
			);
			defaultConfigurationIsVisible = 0;
		};
		57C92ED91CD6AF6600A84C2E /* Build configuration list for PBXNativeTarget "SuperCoolTests" */ = {
			isa = XCConfigurationList;
			buildConfigurations = (
				57C92EDA1CD6AF6600A84C2E /* Debug */,
				57C92EDB1CD6AF6600A84C2E /* Release */,
			);
			defaultConfigurationIsVisible = 0;
		};
		57C92EDC1CD6AF6600A84C2E /* Build configuration list for PBXNativeTarget "SuperCoolUITests" */ = {
			isa = XCConfigurationList;
			buildConfigurations = (
				57C92EDD1CD6AF6600A84C2E /* Debug */,
				57C92EDE1CD6AF6600A84C2E /* Release */,
			);
			defaultConfigurationIsVisible = 0;
		};
/* End XCConfigurationList section */
	};
	rootObject = 57C92EA61CD6AF6500A84C2E /* Project object */;
}
